
Microsoft Visual Studio Solution File, Format Version 12.00
# Visual Studio Version 17
VisualStudioVersion = 17.12.35424.110
MinimumVisualStudioVersion = 10.0.40219.1
Project("{FAE04EC0-301F-11D3-BF4B-00C04F79EFBC}") = "EduCore.Web.BE", "EduCore.Web.BE\EduCore.Web.BE.csproj", "{B777F7BC-477A-4489-B958-D483668D38AA}"
EndProject
Project("{2150E333-8FDC-42A3-9474-1A3956D46DE8}") = "API", "API", "{90B7E706-99FC-4863-9876-C9E00A63E09B}"
EndProject
Project("{2150E333-8FDC-42A3-9474-1A3956D46DE8}") = "BLL", "BLL", "{09D6F08B-B21B-4937-B2F5-C0BD88237D2B}"
EndProject
Project("{2150E333-8FDC-42A3-9474-1A3956D46DE8}") = "DAL", "DAL", "{575D700E-AE37-43FE-B1C7-F388D87DA319}"
EndProject
Project("{2150E333-8FDC-42A3-9474-1A3956D46DE8}") = "DATA", "DATA", "{792AE888-7340-46B1-BB09-FE9B239B3CEE}"
EndProject
Project("{2150E333-8FDC-42A3-9474-1A3956D46DE8}") = "TRANSVERSALES", "TRANSVERSALES", "{7E7031A4-69FB-4313-8537-512791C8A051}"
EndProject
Project("{FAE04EC0-301F-11D3-BF4B-00C04F79EFBC}") = "EduCore.Web.Negocio", "EduCore.Web.Negocio\EduCore.Web.Negocio.csproj", "{2D35DE19-66C9-41E8-9050-65895D02D1F6}"
EndProject
Project("{FAE04EC0-301F-11D3-BF4B-00C04F79EFBC}") = "EduCore.Web.Negocio.Interfaces", "EduCore.Web.Negocio.Interface\EduCore.Web.Negocio.Interfaces.csproj", "{B8343371-3A52-4ED2-8AD5-5A1F9B53F05C}"
EndProject
Project("{FAE04EC0-301F-11D3-BF4B-00C04F79EFBC}") = "EduCore.Web.Repositorio", "EduCore.Web.Repositorio\EduCore.Web.Repositorio.csproj", "{3B02E413-DF3C-4B76-A56A-372976A4DD34}"
EndProject
Project("{FAE04EC0-301F-11D3-BF4B-00C04F79EFBC}") = "EduCore.Web.Repositorio.Interface", "EduCore.Web.Repositorio.Interface\EduCore.Web.Repositorio.Interface.csproj", "{5A74AD6A-C380-4C55-BDF1-5B288D99C07A}"
EndProject
Project("{FAE04EC0-301F-11D3-BF4B-00C04F79EFBC}") = "EduCore.Web.Data", "EduCore.Web.Data\EduCore.Web.Data.csproj", "{0FA6317A-9A10-4CB1-ABEC-2B8FCE470FEB}"
EndProject
Project("{FAE04EC0-301F-11D3-BF4B-00C04F79EFBC}") = "EduCore.Web.Transversales", "EduCore.Web.Transversales\EduCore.Web.Transversales.csproj", "{5FF85C7E-27A4-45F6-BD6C-D6C4918148D6}"
EndProject
Global
	GlobalSection(SolutionConfigurationPlatforms) = preSolution
		Debug|Any CPU = Debug|Any CPU
		Release|Any CPU = Release|Any CPU
	EndGlobalSection
	GlobalSection(ProjectConfigurationPlatforms) = postSolution
		{B777F7BC-477A-4489-B958-D483668D38AA}.Debug|Any CPU.ActiveCfg = Debug|Any CPU
		{B777F7BC-477A-4489-B958-D483668D38AA}.Debug|Any CPU.Build.0 = Debug|Any CPU
		{B777F7BC-477A-4489-B958-D483668D38AA}.Release|Any CPU.ActiveCfg = Release|Any CPU
		{B777F7BC-477A-4489-B958-D483668D38AA}.Release|Any CPU.Build.0 = Release|Any CPU
		{2D35DE19-66C9-41E8-9050-65895D02D1F6}.Debug|Any CPU.ActiveCfg = Debug|Any CPU
		{2D35DE19-66C9-41E8-9050-65895D02D1F6}.Debug|Any CPU.Build.0 = Debug|Any CPU
		{2D35DE19-66C9-41E8-9050-65895D02D1F6}.Release|Any CPU.ActiveCfg = Release|Any CPU
		{2D35DE19-66C9-41E8-9050-65895D02D1F6}.Release|Any CPU.Build.0 = Release|Any CPU
		{B8343371-3A52-4ED2-8AD5-5A1F9B53F05C}.Debug|Any CPU.ActiveCfg = Debug|Any CPU
		{B8343371-3A52-4ED2-8AD5-5A1F9B53F05C}.Debug|Any CPU.Build.0 = Debug|Any CPU
		{B8343371-3A52-4ED2-8AD5-5A1F9B53F05C}.Release|Any CPU.ActiveCfg = Release|Any CPU
		{B8343371-3A52-4ED2-8AD5-5A1F9B53F05C}.Release|Any CPU.Build.0 = Release|Any CPU
		{3B02E413-DF3C-4B76-A56A-372976A4DD34}.Debug|Any CPU.ActiveCfg = Debug|Any CPU
		{3B02E413-DF3C-4B76-A56A-372976A4DD34}.Debug|Any CPU.Build.0 = Debug|Any CPU
		{3B02E413-DF3C-4B76-A56A-372976A4DD34}.Release|Any CPU.ActiveCfg = Release|Any CPU
		{3B02E413-DF3C-4B76-A56A-372976A4DD34}.Release|Any CPU.Build.0 = Release|Any CPU
		{5A74AD6A-C380-4C55-BDF1-5B288D99C07A}.Debug|Any CPU.ActiveCfg = Debug|Any CPU
		{5A74AD6A-C380-4C55-BDF1-5B288D99C07A}.Debug|Any CPU.Build.0 = Debug|Any CPU
		{5A74AD6A-C380-4C55-BDF1-5B288D99C07A}.Release|Any CPU.ActiveCfg = Release|Any CPU
		{5A74AD6A-C380-4C55-BDF1-5B288D99C07A}.Release|Any CPU.Build.0 = Release|Any CPU
		{0FA6317A-9A10-4CB1-ABEC-2B8FCE470FEB}.Debug|Any CPU.ActiveCfg = Debug|Any CPU
		{0FA6317A-9A10-4CB1-ABEC-2B8FCE470FEB}.Debug|Any CPU.Build.0 = Debug|Any CPU
		{0FA6317A-9A10-4CB1-ABEC-2B8FCE470FEB}.Release|Any CPU.ActiveCfg = Release|Any CPU
		{0FA6317A-9A10-4CB1-ABEC-2B8FCE470FEB}.Release|Any CPU.Build.0 = Release|Any CPU
		{5FF85C7E-27A4-45F6-BD6C-D6C4918148D6}.Debug|Any CPU.ActiveCfg = Debug|Any CPU
		{5FF85C7E-27A4-45F6-BD6C-D6C4918148D6}.Debug|Any CPU.Build.0 = Debug|Any CPU
		{5FF85C7E-27A4-45F6-BD6C-D6C4918148D6}.Release|Any CPU.ActiveCfg = Release|Any CPU
		{5FF85C7E-27A4-45F6-BD6C-D6C4918148D6}.Release|Any CPU.Build.0 = Release|Any CPU
	EndGlobalSection
	GlobalSection(SolutionProperties) = preSolution
		HideSolutionNode = FALSE
	EndGlobalSection
	GlobalSection(NestedProjects) = preSolution
		{B777F7BC-477A-4489-B958-D483668D38AA} = {90B7E706-99FC-4863-9876-C9E00A63E09B}
		{2D35DE19-66C9-41E8-9050-65895D02D1F6} = {09D6F08B-B21B-4937-B2F5-C0BD88237D2B}
		{B8343371-3A52-4ED2-8AD5-5A1F9B53F05C} = {09D6F08B-B21B-4937-B2F5-C0BD88237D2B}
		{3B02E413-DF3C-4B76-A56A-372976A4DD34} = {575D700E-AE37-43FE-B1C7-F388D87DA319}
		{5A74AD6A-C380-4C55-BDF1-5B288D99C07A} = {575D700E-AE37-43FE-B1C7-F388D87DA319}
		{0FA6317A-9A10-4CB1-ABEC-2B8FCE470FEB} = {792AE888-7340-46B1-BB09-FE9B239B3CEE}
		{5FF85C7E-27A4-45F6-BD6C-D6C4918148D6} = {7E7031A4-69FB-4313-8537-512791C8A051}
	EndGlobalSection
EndGlobal
